
Microsoft Visual Studio Solution File, Format Version 12.00
# Visual Studio Version 17
VisualStudioVersion = 17.11.35327.3
MinimumVisualStudioVersion = 10.0.40219.1
Project("{FAE04EC0-301F-11D3-BF4B-00C04F79EFBC}") = "TradeCategorizer", "TradeCategorizer\TradeCategorizer.csproj", "{8EB1D5EF-5492-4C16-93A7-7770CC91BFC4}"
EndProject
Project("{FAE04EC0-301F-11D3-BF4B-00C04F79EFBC}") = "TradeCategorizerTests", "Tests\TradeCategorizerTests.csproj", "{928FC0CE-35AA-44E4-9547-2E3CF4800ECF}"
EndProject
Global
	GlobalSection(SolutionConfigurationPlatforms) = preSolution
		Debug|Any CPU = Debug|Any CPU
		Release|Any CPU = Release|Any CPU
	EndGlobalSection
	GlobalSection(ProjectConfigurationPlatforms) = postSolution
		{8EB1D5EF-5492-4C16-93A7-7770CC91BFC4}.Debug|Any CPU.ActiveCfg = Debug|Any CPU
		{8EB1D5EF-5492-4C16-93A7-7770CC91BFC4}.Debug|Any CPU.Build.0 = Debug|Any CPU
		{8EB1D5EF-5492-4C16-93A7-7770CC91BFC4}.Release|Any CPU.ActiveCfg = Release|Any CPU
		{8EB1D5EF-5492-4C16-93A7-7770CC91BFC4}.Release|Any CPU.Build.0 = Release|Any CPU
		{928FC0CE-35AA-44E4-9547-2E3CF4800ECF}.Debug|Any CPU.ActiveCfg = Debug|Any CPU
		{928FC0CE-35AA-44E4-9547-2E3CF4800ECF}.Debug|Any CPU.Build.0 = Debug|Any CPU
		{928FC0CE-35AA-44E4-9547-2E3CF4800ECF}.Release|Any CPU.ActiveCfg = Release|Any CPU
		{928FC0CE-35AA-44E4-9547-2E3CF4800ECF}.Release|Any CPU.Build.0 = Release|Any CPU
	EndGlobalSection
	GlobalSection(SolutionProperties) = preSolution
		HideSolutionNode = FALSE
	EndGlobalSection
	GlobalSection(ExtensibilityGlobals) = postSolution
		SolutionGuid = {F270C956-A1C3-49B9-AD1F-B8EB8E5F6B2A}
	EndGlobalSection
EndGlobal
